{
  "name": "todolist",
  "version": "1.0.0",
  "lockfileVersion": 1,
  "requires": true,
  "dependencies": {
    "matchme": {
      "version": "0.1.6",
      "resolved": "https://registry.npmjs.org/matchme/-/matchme-0.1.6.tgz",
      "integrity": "sha1-o0q6NzsudFtYnMJMkHaqgswcI9E="
    },
    "registry": {
      "version": "0.3.0",
      "resolved": "https://registry.npmjs.org/registry/-/registry-0.3.0.tgz",
      "integrity": "sha1-fywoTIR190PAA4cuXaMNzoNq6mQ=",
      "requires": {
        "matchme": "0.1.x",
        "wildcard": "0.1.x"
      }
    },
    "wildcard": {
      "version": "0.1.5",
      "resolved": "https://registry.npmjs.org/wildcard/-/wildcard-0.1.5.tgz",
      "integrity": "sha1-QIUTvBT1jNOqzHCYpoILLvJbPdA="
    }
  }
}
